{
  "nodes": {
    "nixpkgs": {
      "locked": {
        "lastModified": 1781509190,
        "narHash": "sha256-uJZs9Di8I6ciTp6jiojj0HzlNpBkud8ax5aT/O5aJkw=",
        "rev": "d6df3513510aa548c83868fd22bfddd0a8c0a0d4",
        "revCount": 913995,
        "type": "tarball",
        "url": "https://api.flakehub.com/f/pinned/NixOS/nixpkgs/0.2511.913995%2Brev-d6df3513510aa548c83868fd22bfddd0a8c0a0d4/019ed1c6-e6f4-71f3-8e1c-7d041b49cfee/source.tar.gz"
      },
      "original": {
        "type": "tarball",
        "url": "https://flakehub.com/f/NixOS/nixpkgs/0.2511.tar.gz"
      }
    },
    "root": {
      "inputs": {
        "nixpkgs": "nixpkgs"
      }
    }
  },
  "root": "root",
  "version": 7
}
